
Microsoft Visual Studio Solution File, Format Version 12.00
# Visual Studio Version 17
VisualStudioVersion = 17.0.31903.59
MinimumVisualStudioVersion = 10.0.40219.1
Project("{2150E333-8FDC-42A3-9474-1A3956D46DE8}") = "services", "services", "{C4396B01-F81A-4BCA-8C8F-D02C11164ADF}"
EndProject
Project("{2150E333-8FDC-42A3-9474-1A3956D46DE8}") = "Identity", "Identity", "{F77F1911-5535-4A94-AC58-594B8BC88D80}"
EndProject
Project("{FAE04EC0-301F-11D3-BF4B-00C04F79EFBC}") = "HalOS.Identity.Domain", "services\Identity\HalOS.Identity.Domain\HalOS.Identity.Domain.csproj", "{11DB6A4D-3E9F-4593-8E1D-976D0158A9E6}"
EndProject
Project("{FAE04EC0-301F-11D3-BF4B-00C04F79EFBC}") = "HalOS.Identity.Application", "services\Identity\HalOS.Identity.Application\HalOS.Identity.Application.csproj", "{8912C81B-61BE-4780-8A14-0E423517EE66}"
EndProject
Project("{FAE04EC0-301F-11D3-BF4B-00C04F79EFBC}") = "HalOS.Identity.Infrastructure", "services\Identity\HalOS.Identity.Infrastructure\HalOS.Identity.Infrastructure.csproj", "{2BF87860-8CC5-4A63-B35B-099C214A5C71}"
EndProject
Project("{FAE04EC0-301F-11D3-BF4B-00C04F79EFBC}") = "HalOS.Identity.Api", "services\Identity\HalOS.Identity.Api\HalOS.Identity.Api.csproj", "{4A5FCD8F-B235-40D2-9FD9-4EB3EE1E10AA}"
EndProject
Project("{FAE04EC0-301F-11D3-BF4B-00C04F79EFBC}") = "HalOS.Identity.Tests", "services\Identity\HalOS.Identity.Tests\HalOS.Identity.Tests.csproj", "{F2C2DF4A-6405-4B09-81F6-775555752F02}"
EndProject
Project("{2150E333-8FDC-42A3-9474-1A3956D46DE8}") = "building-blocks", "building-blocks", "{38F4C42A-C235-4EA4-B1D6-324B13831C54}"
EndProject
Project("{FAE04EC0-301F-11D3-BF4B-00C04F79EFBC}") = "HalOS.BuildingBlocks.Domain", "building-blocks\HalOS.BuildingBlocks.Domain\HalOS.BuildingBlocks.Domain.csproj", "{A8BC9DCD-911A-4008-83D5-947AF65D7081}"
EndProject
Project("{FAE04EC0-301F-11D3-BF4B-00C04F79EFBC}") = "HalOS.BuildingBlocks.Application", "building-blocks\HalOS.BuildingBlocks.Application\HalOS.BuildingBlocks.Application.csproj", "{5F40384E-DE0C-4951-8B86-725DFEDFB261}"
EndProject
Project("{FAE04EC0-301F-11D3-BF4B-00C04F79EFBC}") = "HalOS.BuildingBlocks.Infrastructure", "building-blocks\HalOS.BuildingBlocks.Infrastructure\HalOS.BuildingBlocks.Infrastructure.csproj", "{32D76814-A9F7-4E9C-A950-27B19D055CE5}"
EndProject
Project("{2150E333-8FDC-42A3-9474-1A3956D46DE8}") = "Party", "Party", "{BA1BD9E1-8EE2-452F-BDAC-0C17E4B76236}"
EndProject
Project("{FAE04EC0-301F-11D3-BF4B-00C04F79EFBC}") = "HalOS.Party.Domain", "services\Party\HalOS.Party.Domain\HalOS.Party.Domain.csproj", "{E1484256-C961-4FB6-A913-F4758F80B871}"
EndProject
Project("{FAE04EC0-301F-11D3-BF4B-00C04F79EFBC}") = "HalOS.Party.Application", "services\Party\HalOS.Party.Application\HalOS.Party.Application.csproj", "{32B5BCA3-83BC-4C76-A2B1-688BFB9CBBE5}"
EndProject
Project("{FAE04EC0-301F-11D3-BF4B-00C04F79EFBC}") = "HalOS.Party.Infrastructure", "services\Party\HalOS.Party.Infrastructure\HalOS.Party.Infrastructure.csproj", "{D5A13AF2-BE76-4EB9-A1D0-B51C03256016}"
EndProject
Project("{FAE04EC0-301F-11D3-BF4B-00C04F79EFBC}") = "HalOS.Party.Api", "services\Party\HalOS.Party.Api\HalOS.Party.Api.csproj", "{2B096A49-25FE-4883-AA28-6B4A01958C4B}"
EndProject
Project("{FAE04EC0-301F-11D3-BF4B-00C04F79EFBC}") = "HalOS.Party.Tests", "services\Party\HalOS.Party.Tests\HalOS.Party.Tests.csproj", "{B491604C-6DE8-491A-8D59-D3D5C76FA7BB}"
EndProject
Project("{2150E333-8FDC-42A3-9474-1A3956D46DE8}") = "Sales", "Sales", "{0C1DB381-F2AA-47BE-8A7B-2CB1412B20DF}"
EndProject
Project("{FAE04EC0-301F-11D3-BF4B-00C04F79EFBC}") = "HalOS.Sales.Domain", "services\Sales\HalOS.Sales.Domain\HalOS.Sales.Domain.csproj", "{8A99605D-4D93-466C-B137-CF31BA39CDF6}"
EndProject
Project("{FAE04EC0-301F-11D3-BF4B-00C04F79EFBC}") = "HalOS.Sales.Application", "services\Sales\HalOS.Sales.Application\HalOS.Sales.Application.csproj", "{21EEF70A-7FE5-438D-A66F-1DFB891AE3A0}"
EndProject
Project("{FAE04EC0-301F-11D3-BF4B-00C04F79EFBC}") = "HalOS.Sales.Infrastructure", "services\Sales\HalOS.Sales.Infrastructure\HalOS.Sales.Infrastructure.csproj", "{A392FDAE-7DA3-47BA-9A15-9C632B586671}"
EndProject
Project("{FAE04EC0-301F-11D3-BF4B-00C04F79EFBC}") = "HalOS.Sales.Api", "services\Sales\HalOS.Sales.Api\HalOS.Sales.Api.csproj", "{21D7B8E9-A96B-48B4-8BC5-E0B7BDEFE5BF}"
EndProject
Project("{FAE04EC0-301F-11D3-BF4B-00C04F79EFBC}") = "HalOS.Sales.Tests", "services\Sales\HalOS.Sales.Tests\HalOS.Sales.Tests.csproj", "{988F314B-6347-40A5-AC29-A57FE36D8FC2}"
EndProject
Project("{FAE04EC0-301F-11D3-BF4B-00C04F79EFBC}") = "HalOS.BuildingBlocks.Contracts", "building-blocks\HalOS.BuildingBlocks.Contracts\HalOS.BuildingBlocks.Contracts.csproj", "{14D383DF-A267-4CBA-983B-5FEB1CA529DF}"
EndProject
Project("{2150E333-8FDC-42A3-9474-1A3956D46DE8}") = "Finance", "Finance", "{9627FF31-3C2F-4657-B84A-70646754C94A}"
EndProject
Project("{FAE04EC0-301F-11D3-BF4B-00C04F79EFBC}") = "HalOS.Finance.Domain", "services\Finance\HalOS.Finance.Domain\HalOS.Finance.Domain.csproj", "{D77B9912-4899-4DAD-A7F5-03FDC2A416D0}"
EndProject
Project("{FAE04EC0-301F-11D3-BF4B-00C04F79EFBC}") = "HalOS.Finance.Application", "services\Finance\HalOS.Finance.Application\HalOS.Finance.Application.csproj", "{A7B90560-69B5-4F73-B1C7-EC82BB76B76A}"
EndProject
Project("{FAE04EC0-301F-11D3-BF4B-00C04F79EFBC}") = "HalOS.Finance.Infrastructure", "services\Finance\HalOS.Finance.Infrastructure\HalOS.Finance.Infrastructure.csproj", "{6B02E54B-87A4-4593-839F-41065B50C5EA}"
EndProject
Project("{FAE04EC0-301F-11D3-BF4B-00C04F79EFBC}") = "HalOS.Finance.Api", "services\Finance\HalOS.Finance.Api\HalOS.Finance.Api.csproj", "{6F5C2975-3326-4343-86B1-F0174EF1ED79}"
EndProject
Project("{FAE04EC0-301F-11D3-BF4B-00C04F79EFBC}") = "HalOS.Finance.Tests", "services\Finance\HalOS.Finance.Tests\HalOS.Finance.Tests.csproj", "{8D7D3D62-7FAD-4C69-A12D-16744BD42A63}"
EndProject
Project("{2150E333-8FDC-42A3-9474-1A3956D46DE8}") = "Integration", "Integration", "{186BE529-0186-4B1D-AF4E-510F459658BA}"
EndProject
Project("{FAE04EC0-301F-11D3-BF4B-00C04F79EFBC}") = "HalOS.Integration.Domain", "services\Integration\HalOS.Integration.Domain\HalOS.Integration.Domain.csproj", "{CCD77E86-1622-4D96-8E63-0E2B032D575C}"
EndProject
Project("{FAE04EC0-301F-11D3-BF4B-00C04F79EFBC}") = "HalOS.Integration.Application", "services\Integration\HalOS.Integration.Application\HalOS.Integration.Application.csproj", "{219D0805-9D5A-41A1-89BC-9B86CE2770B6}"
EndProject
Project("{FAE04EC0-301F-11D3-BF4B-00C04F79EFBC}") = "HalOS.Integration.Infrastructure", "services\Integration\HalOS.Integration.Infrastructure\HalOS.Integration.Infrastructure.csproj", "{B2CE6C3A-7CFF-49D3-8728-F0DCEAFD598F}"
EndProject
Project("{FAE04EC0-301F-11D3-BF4B-00C04F79EFBC}") = "HalOS.Integration.Api", "services\Integration\HalOS.Integration.Api\HalOS.Integration.Api.csproj", "{46C80BB9-8F9A-46E6-819F-BD0C9506BB1A}"
EndProject
Project("{FAE04EC0-301F-11D3-BF4B-00C04F79EFBC}") = "HalOS.Integration.Tests", "services\Integration\HalOS.Integration.Tests\HalOS.Integration.Tests.csproj", "{F80EC497-C6D1-430A-825B-DF2D666ADE75}"
EndProject
Project("{2150E333-8FDC-42A3-9474-1A3956D46DE8}") = "Inventory", "Inventory", "{AF6A8035-8059-4EBC-8938-4EED4D53DB8E}"
EndProject
Project("{FAE04EC0-301F-11D3-BF4B-00C04F79EFBC}") = "HalOS.Inventory.Domain", "services\Inventory\HalOS.Inventory.Domain\HalOS.Inventory.Domain.csproj", "{F719CD57-65F4-48B6-93A4-28817D6EFDE8}"
EndProject
Project("{FAE04EC0-301F-11D3-BF4B-00C04F79EFBC}") = "HalOS.Inventory.Application", "services\Inventory\HalOS.Inventory.Application\HalOS.Inventory.Application.csproj", "{81A0B5BA-E682-4C88-B6CB-9AD0AD908494}"
EndProject
Project("{FAE04EC0-301F-11D3-BF4B-00C04F79EFBC}") = "HalOS.Inventory.Infrastructure", "services\Inventory\HalOS.Inventory.Infrastructure\HalOS.Inventory.Infrastructure.csproj", "{A06C0B85-3C97-4287-A072-4ACC3A2BA540}"
EndProject
Project("{FAE04EC0-301F-11D3-BF4B-00C04F79EFBC}") = "HalOS.Inventory.Api", "services\Inventory\HalOS.Inventory.Api\HalOS.Inventory.Api.csproj", "{94FF29E0-E2FF-4B45-BA6C-F7DFC4F32EBB}"
EndProject
Project("{FAE04EC0-301F-11D3-BF4B-00C04F79EFBC}") = "HalOS.Inventory.Tests", "services\Inventory\HalOS.Inventory.Tests\HalOS.Inventory.Tests.csproj", "{57A71B3E-6EC2-4757-90BD-8FCF86BA7DD1}"
EndProject
Global
	GlobalSection(SolutionConfigurationPlatforms) = preSolution
		Debug|Any CPU = Debug|Any CPU
		Release|Any CPU = Release|Any CPU
	EndGlobalSection
	GlobalSection(SolutionProperties) = preSolution
		HideSolutionNode = FALSE
	EndGlobalSection
	GlobalSection(ProjectConfigurationPlatforms) = postSolution
		{11DB6A4D-3E9F-4593-8E1D-976D0158A9E6}.Debug|Any CPU.ActiveCfg = Debug|Any CPU
		{11DB6A4D-3E9F-4593-8E1D-976D0158A9E6}.Debug|Any CPU.Build.0 = Debug|Any CPU
		{11DB6A4D-3E9F-4593-8E1D-976D0158A9E6}.Release|Any CPU.ActiveCfg = Release|Any CPU
		{11DB6A4D-3E9F-4593-8E1D-976D0158A9E6}.Release|Any CPU.Build.0 = Release|Any CPU
		{8912C81B-61BE-4780-8A14-0E423517EE66}.Debug|Any CPU.ActiveCfg = Debug|Any CPU
		{8912C81B-61BE-4780-8A14-0E423517EE66}.Debug|Any CPU.Build.0 = Debug|Any CPU
		{8912C81B-61BE-4780-8A14-0E423517EE66}.Release|Any CPU.ActiveCfg = Release|Any CPU
		{8912C81B-61BE-4780-8A14-0E423517EE66}.Release|Any CPU.Build.0 = Release|Any CPU
		{2BF87860-8CC5-4A63-B35B-099C214A5C71}.Debug|Any CPU.ActiveCfg = Debug|Any CPU
		{2BF87860-8CC5-4A63-B35B-099C214A5C71}.Debug|Any CPU.Build.0 = Debug|Any CPU
		{2BF87860-8CC5-4A63-B35B-099C214A5C71}.Release|Any CPU.ActiveCfg = Release|Any CPU
		{2BF87860-8CC5-4A63-B35B-099C214A5C71}.Release|Any CPU.Build.0 = Release|Any CPU
		{4A5FCD8F-B235-40D2-9FD9-4EB3EE1E10AA}.Debug|Any CPU.ActiveCfg = Debug|Any CPU
		{4A5FCD8F-B235-40D2-9FD9-4EB3EE1E10AA}.Debug|Any CPU.Build.0 = Debug|Any CPU
		{4A5FCD8F-B235-40D2-9FD9-4EB3EE1E10AA}.Release|Any CPU.ActiveCfg = Release|Any CPU
		{4A5FCD8F-B235-40D2-9FD9-4EB3EE1E10AA}.Release|Any CPU.Build.0 = Release|Any CPU
		{F2C2DF4A-6405-4B09-81F6-775555752F02}.Debug|Any CPU.ActiveCfg = Debug|Any CPU
		{F2C2DF4A-6405-4B09-81F6-775555752F02}.Debug|Any CPU.Build.0 = Debug|Any CPU
		{F2C2DF4A-6405-4B09-81F6-775555752F02}.Release|Any CPU.ActiveCfg = Release|Any CPU
		{F2C2DF4A-6405-4B09-81F6-775555752F02}.Release|Any CPU.Build.0 = Release|Any CPU
		{A8BC9DCD-911A-4008-83D5-947AF65D7081}.Debug|Any CPU.ActiveCfg = Debug|Any CPU
		{A8BC9DCD-911A-4008-83D5-947AF65D7081}.Debug|Any CPU.Build.0 = Debug|Any CPU
		{A8BC9DCD-911A-4008-83D5-947AF65D7081}.Release|Any CPU.ActiveCfg = Release|Any CPU
		{A8BC9DCD-911A-4008-83D5-947AF65D7081}.Release|Any CPU.Build.0 = Release|Any CPU
		{5F40384E-DE0C-4951-8B86-725DFEDFB261}.Debug|Any CPU.ActiveCfg = Debug|Any CPU
		{5F40384E-DE0C-4951-8B86-725DFEDFB261}.Debug|Any CPU.Build.0 = Debug|Any CPU
		{5F40384E-DE0C-4951-8B86-725DFEDFB261}.Release|Any CPU.ActiveCfg = Release|Any CPU
		{5F40384E-DE0C-4951-8B86-725DFEDFB261}.Release|Any CPU.Build.0 = Release|Any CPU
		{32D76814-A9F7-4E9C-A950-27B19D055CE5}.Debug|Any CPU.ActiveCfg = Debug|Any CPU
		{32D76814-A9F7-4E9C-A950-27B19D055CE5}.Debug|Any CPU.Build.0 = Debug|Any CPU
		{32D76814-A9F7-4E9C-A950-27B19D055CE5}.Release|Any CPU.ActiveCfg = Release|Any CPU
		{32D76814-A9F7-4E9C-A950-27B19D055CE5}.Release|Any CPU.Build.0 = Release|Any CPU
		{E1484256-C961-4FB6-A913-F4758F80B871}.Debug|Any CPU.ActiveCfg = Debug|Any CPU
		{E1484256-C961-4FB6-A913-F4758F80B871}.Debug|Any CPU.Build.0 = Debug|Any CPU
		{E1484256-C961-4FB6-A913-F4758F80B871}.Release|Any CPU.ActiveCfg = Release|Any CPU
		{E1484256-C961-4FB6-A913-F4758F80B871}.Release|Any CPU.Build.0 = Release|Any CPU
		{32B5BCA3-83BC-4C76-A2B1-688BFB9CBBE5}.Debug|Any CPU.ActiveCfg = Debug|Any CPU
		{32B5BCA3-83BC-4C76-A2B1-688BFB9CBBE5}.Debug|Any CPU.Build.0 = Debug|Any CPU
		{32B5BCA3-83BC-4C76-A2B1-688BFB9CBBE5}.Release|Any CPU.ActiveCfg = Release|Any CPU
		{32B5BCA3-83BC-4C76-A2B1-688BFB9CBBE5}.Release|Any CPU.Build.0 = Release|Any CPU
		{D5A13AF2-BE76-4EB9-A1D0-B51C03256016}.Debug|Any CPU.ActiveCfg = Debug|Any CPU
		{D5A13AF2-BE76-4EB9-A1D0-B51C03256016}.Debug|Any CPU.Build.0 = Debug|Any CPU
		{D5A13AF2-BE76-4EB9-A1D0-B51C03256016}.Release|Any CPU.ActiveCfg = Release|Any CPU
		{D5A13AF2-BE76-4EB9-A1D0-B51C03256016}.Release|Any CPU.Build.0 = Release|Any CPU
		{2B096A49-25FE-4883-AA28-6B4A01958C4B}.Debug|Any CPU.ActiveCfg = Debug|Any CPU
		{2B096A49-25FE-4883-AA28-6B4A01958C4B}.Debug|Any CPU.Build.0 = Debug|Any CPU
		{2B096A49-25FE-4883-AA28-6B4A01958C4B}.Release|Any CPU.ActiveCfg = Release|Any CPU
		{2B096A49-25FE-4883-AA28-6B4A01958C4B}.Release|Any CPU.Build.0 = Release|Any CPU
		{B491604C-6DE8-491A-8D59-D3D5C76FA7BB}.Debug|Any CPU.ActiveCfg = Debug|Any CPU
		{B491604C-6DE8-491A-8D59-D3D5C76FA7BB}.Debug|Any CPU.Build.0 = Debug|Any CPU
		{B491604C-6DE8-491A-8D59-D3D5C76FA7BB}.Release|Any CPU.ActiveCfg = Release|Any CPU
		{B491604C-6DE8-491A-8D59-D3D5C76FA7BB}.Release|Any CPU.Build.0 = Release|Any CPU
		{8A99605D-4D93-466C-B137-CF31BA39CDF6}.Debug|Any CPU.ActiveCfg = Debug|Any CPU
		{8A99605D-4D93-466C-B137-CF31BA39CDF6}.Debug|Any CPU.Build.0 = Debug|Any CPU
		{8A99605D-4D93-466C-B137-CF31BA39CDF6}.Release|Any CPU.ActiveCfg = Release|Any CPU
		{8A99605D-4D93-466C-B137-CF31BA39CDF6}.Release|Any CPU.Build.0 = Release|Any CPU
		{21EEF70A-7FE5-438D-A66F-1DFB891AE3A0}.Debug|Any CPU.ActiveCfg = Debug|Any CPU
		{21EEF70A-7FE5-438D-A66F-1DFB891AE3A0}.Debug|Any CPU.Build.0 = Debug|Any CPU
		{21EEF70A-7FE5-438D-A66F-1DFB891AE3A0}.Release|Any CPU.ActiveCfg = Release|Any CPU
		{21EEF70A-7FE5-438D-A66F-1DFB891AE3A0}.Release|Any CPU.Build.0 = Release|Any CPU
		{A392FDAE-7DA3-47BA-9A15-9C632B586671}.Debug|Any CPU.ActiveCfg = Debug|Any CPU
		{A392FDAE-7DA3-47BA-9A15-9C632B586671}.Debug|Any CPU.Build.0 = Debug|Any CPU
		{A392FDAE-7DA3-47BA-9A15-9C632B586671}.Release|Any CPU.ActiveCfg = Release|Any CPU
		{A392FDAE-7DA3-47BA-9A15-9C632B586671}.Release|Any CPU.Build.0 = Release|Any CPU
		{21D7B8E9-A96B-48B4-8BC5-E0B7BDEFE5BF}.Debug|Any CPU.ActiveCfg = Debug|Any CPU
		{21D7B8E9-A96B-48B4-8BC5-E0B7BDEFE5BF}.Debug|Any CPU.Build.0 = Debug|Any CPU
		{21D7B8E9-A96B-48B4-8BC5-E0B7BDEFE5BF}.Release|Any CPU.ActiveCfg = Release|Any CPU
		{21D7B8E9-A96B-48B4-8BC5-E0B7BDEFE5BF}.Release|Any CPU.Build.0 = Release|Any CPU
		{988F314B-6347-40A5-AC29-A57FE36D8FC2}.Debug|Any CPU.ActiveCfg = Debug|Any CPU
		{988F314B-6347-40A5-AC29-A57FE36D8FC2}.Debug|Any CPU.Build.0 = Debug|Any CPU
		{988F314B-6347-40A5-AC29-A57FE36D8FC2}.Release|Any CPU.ActiveCfg = Release|Any CPU
		{988F314B-6347-40A5-AC29-A57FE36D8FC2}.Release|Any CPU.Build.0 = Release|Any CPU
		{14D383DF-A267-4CBA-983B-5FEB1CA529DF}.Debug|Any CPU.ActiveCfg = Debug|Any CPU
		{14D383DF-A267-4CBA-983B-5FEB1CA529DF}.Debug|Any CPU.Build.0 = Debug|Any CPU
		{14D383DF-A267-4CBA-983B-5FEB1CA529DF}.Release|Any CPU.ActiveCfg = Release|Any CPU
		{14D383DF-A267-4CBA-983B-5FEB1CA529DF}.Release|Any CPU.Build.0 = Release|Any CPU
		{D77B9912-4899-4DAD-A7F5-03FDC2A416D0}.Debug|Any CPU.ActiveCfg = Debug|Any CPU
		{D77B9912-4899-4DAD-A7F5-03FDC2A416D0}.Debug|Any CPU.Build.0 = Debug|Any CPU
		{D77B9912-4899-4DAD-A7F5-03FDC2A416D0}.Release|Any CPU.ActiveCfg = Release|Any CPU
		{D77B9912-4899-4DAD-A7F5-03FDC2A416D0}.Release|Any CPU.Build.0 = Release|Any CPU
		{A7B90560-69B5-4F73-B1C7-EC82BB76B76A}.Debug|Any CPU.ActiveCfg = Debug|Any CPU
		{A7B90560-69B5-4F73-B1C7-EC82BB76B76A}.Debug|Any CPU.Build.0 = Debug|Any CPU
		{A7B90560-69B5-4F73-B1C7-EC82BB76B76A}.Release|Any CPU.ActiveCfg = Release|Any CPU
		{A7B90560-69B5-4F73-B1C7-EC82BB76B76A}.Release|Any CPU.Build.0 = Release|Any CPU
		{6B02E54B-87A4-4593-839F-41065B50C5EA}.Debug|Any CPU.ActiveCfg = Debug|Any CPU
		{6B02E54B-87A4-4593-839F-41065B50C5EA}.Debug|Any CPU.Build.0 = Debug|Any CPU
		{6B02E54B-87A4-4593-839F-41065B50C5EA}.Release|Any CPU.ActiveCfg = Release|Any CPU
		{6B02E54B-87A4-4593-839F-41065B50C5EA}.Release|Any CPU.Build.0 = Release|Any CPU
		{6F5C2975-3326-4343-86B1-F0174EF1ED79}.Debug|Any CPU.ActiveCfg = Debug|Any CPU
		{6F5C2975-3326-4343-86B1-F0174EF1ED79}.Debug|Any CPU.Build.0 = Debug|Any CPU
		{6F5C2975-3326-4343-86B1-F0174EF1ED79}.Release|Any CPU.ActiveCfg = Release|Any CPU
		{6F5C2975-3326-4343-86B1-F0174EF1ED79}.Release|Any CPU.Build.0 = Release|Any CPU
		{8D7D3D62-7FAD-4C69-A12D-16744BD42A63}.Debug|Any CPU.ActiveCfg = Debug|Any CPU
		{8D7D3D62-7FAD-4C69-A12D-16744BD42A63}.Debug|Any CPU.Build.0 = Debug|Any CPU
		{8D7D3D62-7FAD-4C69-A12D-16744BD42A63}.Release|Any CPU.ActiveCfg = Release|Any CPU
		{8D7D3D62-7FAD-4C69-A12D-16744BD42A63}.Release|Any CPU.Build.0 = Release|Any CPU
		{CCD77E86-1622-4D96-8E63-0E2B032D575C}.Debug|Any CPU.ActiveCfg = Debug|Any CPU
		{CCD77E86-1622-4D96-8E63-0E2B032D575C}.Debug|Any CPU.Build.0 = Debug|Any CPU
		{CCD77E86-1622-4D96-8E63-0E2B032D575C}.Release|Any CPU.ActiveCfg = Release|Any CPU
		{CCD77E86-1622-4D96-8E63-0E2B032D575C}.Release|Any CPU.Build.0 = Release|Any CPU
		{219D0805-9D5A-41A1-89BC-9B86CE2770B6}.Debug|Any CPU.ActiveCfg = Debug|Any CPU
		{219D0805-9D5A-41A1-89BC-9B86CE2770B6}.Debug|Any CPU.Build.0 = Debug|Any CPU
		{219D0805-9D5A-41A1-89BC-9B86CE2770B6}.Release|Any CPU.ActiveCfg = Release|Any CPU
		{219D0805-9D5A-41A1-89BC-9B86CE2770B6}.Release|Any CPU.Build.0 = Release|Any CPU
		{B2CE6C3A-7CFF-49D3-8728-F0DCEAFD598F}.Debug|Any CPU.ActiveCfg = Debug|Any CPU
		{B2CE6C3A-7CFF-49D3-8728-F0DCEAFD598F}.Debug|Any CPU.Build.0 = Debug|Any CPU
		{B2CE6C3A-7CFF-49D3-8728-F0DCEAFD598F}.Release|Any CPU.ActiveCfg = Release|Any CPU
		{B2CE6C3A-7CFF-49D3-8728-F0DCEAFD598F}.Release|Any CPU.Build.0 = Release|Any CPU
		{46C80BB9-8F9A-46E6-819F-BD0C9506BB1A}.Debug|Any CPU.ActiveCfg = Debug|Any CPU
		{46C80BB9-8F9A-46E6-819F-BD0C9506BB1A}.Debug|Any CPU.Build.0 = Debug|Any CPU
		{46C80BB9-8F9A-46E6-819F-BD0C9506BB1A}.Release|Any CPU.ActiveCfg = Release|Any CPU
		{46C80BB9-8F9A-46E6-819F-BD0C9506BB1A}.Release|Any CPU.Build.0 = Release|Any CPU
		{F80EC497-C6D1-430A-825B-DF2D666ADE75}.Debug|Any CPU.ActiveCfg = Debug|Any CPU
		{F80EC497-C6D1-430A-825B-DF2D666ADE75}.Debug|Any CPU.Build.0 = Debug|Any CPU
		{F80EC497-C6D1-430A-825B-DF2D666ADE75}.Release|Any CPU.ActiveCfg = Release|Any CPU
		{F80EC497-C6D1-430A-825B-DF2D666ADE75}.Release|Any CPU.Build.0 = Release|Any CPU
		{F719CD57-65F4-48B6-93A4-28817D6EFDE8}.Debug|Any CPU.ActiveCfg = Debug|Any CPU
		{F719CD57-65F4-48B6-93A4-28817D6EFDE8}.Debug|Any CPU.Build.0 = Debug|Any CPU
		{F719CD57-65F4-48B6-93A4-28817D6EFDE8}.Release|Any CPU.ActiveCfg = Release|Any CPU
		{F719CD57-65F4-48B6-93A4-28817D6EFDE8}.Release|Any CPU.Build.0 = Release|Any CPU
		{81A0B5BA-E682-4C88-B6CB-9AD0AD908494}.Debug|Any CPU.ActiveCfg = Debug|Any CPU
		{81A0B5BA-E682-4C88-B6CB-9AD0AD908494}.Debug|Any CPU.Build.0 = Debug|Any CPU
		{81A0B5BA-E682-4C88-B6CB-9AD0AD908494}.Release|Any CPU.ActiveCfg = Release|Any CPU
		{81A0B5BA-E682-4C88-B6CB-9AD0AD908494}.Release|Any CPU.Build.0 = Release|Any CPU
		{A06C0B85-3C97-4287-A072-4ACC3A2BA540}.Debug|Any CPU.ActiveCfg = Debug|Any CPU
		{A06C0B85-3C97-4287-A072-4ACC3A2BA540}.Debug|Any CPU.Build.0 = Debug|Any CPU
		{A06C0B85-3C97-4287-A072-4ACC3A2BA540}.Release|Any CPU.ActiveCfg = Release|Any CPU
		{A06C0B85-3C97-4287-A072-4ACC3A2BA540}.Release|Any CPU.Build.0 = Release|Any CPU
		{94FF29E0-E2FF-4B45-BA6C-F7DFC4F32EBB}.Debug|Any CPU.ActiveCfg = Debug|Any CPU
		{94FF29E0-E2FF-4B45-BA6C-F7DFC4F32EBB}.Debug|Any CPU.Build.0 = Debug|Any CPU
		{94FF29E0-E2FF-4B45-BA6C-F7DFC4F32EBB}.Release|Any CPU.ActiveCfg = Release|Any CPU
		{94FF29E0-E2FF-4B45-BA6C-F7DFC4F32EBB}.Release|Any CPU.Build.0 = Release|Any CPU
		{57A71B3E-6EC2-4757-90BD-8FCF86BA7DD1}.Debug|Any CPU.ActiveCfg = Debug|Any CPU
		{57A71B3E-6EC2-4757-90BD-8FCF86BA7DD1}.Debug|Any CPU.Build.0 = Debug|Any CPU
		{57A71B3E-6EC2-4757-90BD-8FCF86BA7DD1}.Release|Any CPU.ActiveCfg = Release|Any CPU
		{57A71B3E-6EC2-4757-90BD-8FCF86BA7DD1}.Release|Any CPU.Build.0 = Release|Any CPU
	EndGlobalSection
	GlobalSection(NestedProjects) = preSolution
		{F77F1911-5535-4A94-AC58-594B8BC88D80} = {C4396B01-F81A-4BCA-8C8F-D02C11164ADF}
		{11DB6A4D-3E9F-4593-8E1D-976D0158A9E6} = {F77F1911-5535-4A94-AC58-594B8BC88D80}
		{8912C81B-61BE-4780-8A14-0E423517EE66} = {F77F1911-5535-4A94-AC58-594B8BC88D80}
		{2BF87860-8CC5-4A63-B35B-099C214A5C71} = {F77F1911-5535-4A94-AC58-594B8BC88D80}
		{4A5FCD8F-B235-40D2-9FD9-4EB3EE1E10AA} = {F77F1911-5535-4A94-AC58-594B8BC88D80}
		{F2C2DF4A-6405-4B09-81F6-775555752F02} = {F77F1911-5535-4A94-AC58-594B8BC88D80}
		{A8BC9DCD-911A-4008-83D5-947AF65D7081} = {38F4C42A-C235-4EA4-B1D6-324B13831C54}
		{5F40384E-DE0C-4951-8B86-725DFEDFB261} = {38F4C42A-C235-4EA4-B1D6-324B13831C54}
		{32D76814-A9F7-4E9C-A950-27B19D055CE5} = {38F4C42A-C235-4EA4-B1D6-324B13831C54}
		{BA1BD9E1-8EE2-452F-BDAC-0C17E4B76236} = {C4396B01-F81A-4BCA-8C8F-D02C11164ADF}
		{E1484256-C961-4FB6-A913-F4758F80B871} = {BA1BD9E1-8EE2-452F-BDAC-0C17E4B76236}
		{32B5BCA3-83BC-4C76-A2B1-688BFB9CBBE5} = {BA1BD9E1-8EE2-452F-BDAC-0C17E4B76236}
		{D5A13AF2-BE76-4EB9-A1D0-B51C03256016} = {BA1BD9E1-8EE2-452F-BDAC-0C17E4B76236}
		{2B096A49-25FE-4883-AA28-6B4A01958C4B} = {BA1BD9E1-8EE2-452F-BDAC-0C17E4B76236}
		{B491604C-6DE8-491A-8D59-D3D5C76FA7BB} = {BA1BD9E1-8EE2-452F-BDAC-0C17E4B76236}
		{0C1DB381-F2AA-47BE-8A7B-2CB1412B20DF} = {C4396B01-F81A-4BCA-8C8F-D02C11164ADF}
		{8A99605D-4D93-466C-B137-CF31BA39CDF6} = {0C1DB381-F2AA-47BE-8A7B-2CB1412B20DF}
		{21EEF70A-7FE5-438D-A66F-1DFB891AE3A0} = {0C1DB381-F2AA-47BE-8A7B-2CB1412B20DF}
		{A392FDAE-7DA3-47BA-9A15-9C632B586671} = {0C1DB381-F2AA-47BE-8A7B-2CB1412B20DF}
		{21D7B8E9-A96B-48B4-8BC5-E0B7BDEFE5BF} = {0C1DB381-F2AA-47BE-8A7B-2CB1412B20DF}
		{988F314B-6347-40A5-AC29-A57FE36D8FC2} = {0C1DB381-F2AA-47BE-8A7B-2CB1412B20DF}
		{14D383DF-A267-4CBA-983B-5FEB1CA529DF} = {38F4C42A-C235-4EA4-B1D6-324B13831C54}
		{D77B9912-4899-4DAD-A7F5-03FDC2A416D0} = {9627FF31-3C2F-4657-B84A-70646754C94A}
		{A7B90560-69B5-4F73-B1C7-EC82BB76B76A} = {9627FF31-3C2F-4657-B84A-70646754C94A}
		{6B02E54B-87A4-4593-839F-41065B50C5EA} = {9627FF31-3C2F-4657-B84A-70646754C94A}
		{6F5C2975-3326-4343-86B1-F0174EF1ED79} = {9627FF31-3C2F-4657-B84A-70646754C94A}
		{8D7D3D62-7FAD-4C69-A12D-16744BD42A63} = {9627FF31-3C2F-4657-B84A-70646754C94A}
		{CCD77E86-1622-4D96-8E63-0E2B032D575C} = {186BE529-0186-4B1D-AF4E-510F459658BA}
		{219D0805-9D5A-41A1-89BC-9B86CE2770B6} = {186BE529-0186-4B1D-AF4E-510F459658BA}
		{B2CE6C3A-7CFF-49D3-8728-F0DCEAFD598F} = {186BE529-0186-4B1D-AF4E-510F459658BA}
		{46C80BB9-8F9A-46E6-819F-BD0C9506BB1A} = {186BE529-0186-4B1D-AF4E-510F459658BA}
		{F80EC497-C6D1-430A-825B-DF2D666ADE75} = {186BE529-0186-4B1D-AF4E-510F459658BA}
		{F719CD57-65F4-48B6-93A4-28817D6EFDE8} = {AF6A8035-8059-4EBC-8938-4EED4D53DB8E}
		{81A0B5BA-E682-4C88-B6CB-9AD0AD908494} = {AF6A8035-8059-4EBC-8938-4EED4D53DB8E}
		{A06C0B85-3C97-4287-A072-4ACC3A2BA540} = {AF6A8035-8059-4EBC-8938-4EED4D53DB8E}
		{94FF29E0-E2FF-4B45-BA6C-F7DFC4F32EBB} = {AF6A8035-8059-4EBC-8938-4EED4D53DB8E}
		{57A71B3E-6EC2-4757-90BD-8FCF86BA7DD1} = {AF6A8035-8059-4EBC-8938-4EED4D53DB8E}
	EndGlobalSection
EndGlobal
